// !$*UTF8*$!
{
	archiveVersion = 1;
	classes = {
	};
	objectVersion = 50;
	objects = {

/* Begin PBXBuildFile section */
		934D2AFF2477DD3000A26D80 /* AppDelegate.swift in Sources */ = {isa = PBXBuildFile; fileRef = 934D2AFE2477DD3000A26D80 /* AppDelegate.swift */; };
		934D2B012477DD3000A26D80 /* SceneDelegate.swift in Sources */ = {isa = PBXBuildFile; fileRef = 934D2B002477DD3000A26D80 /* SceneDelegate.swift */; };
		934D2B082477DD3400A26D80 /* Assets.xcassets in Resources */ = {isa = PBXBuildFile; fileRef = 934D2B072477DD3400A26D80 /* Assets.xcassets */; };
		934D2B132477DD8200A26D80 /* PinterestViewModel.swift in Sources */ = {isa = PBXBuildFile; fileRef = 934D2B122477DD8200A26D80 /* PinterestViewModel.swift */; };
		934D2B152477DD9C00A26D80 /* PisterestItemViewModel.swift in Sources */ = {isa = PBXBuildFile; fileRef = 934D2B142477DD9B00A26D80 /* PisterestItemViewModel.swift */; };
		934D2B172477DDB700A26D80 /* PinterestItem.swift in Sources */ = {isa = PBXBuildFile; fileRef = 934D2B162477DDB700A26D80 /* PinterestItem.swift */; };
		934D2B192477E03C00A26D80 /* PinterestViewController.swift in Sources */ = {isa = PBXBuildFile; fileRef = 934D2B182477E03C00A26D80 /* PinterestViewController.swift */; };
		93BCB46624785D9500FDC253 /* CustomLayout.swift in Sources */ = {isa = PBXBuildFile; fileRef = 93BCB46524785D9500FDC253 /* CustomLayout.swift */; };
/* End PBXBuildFile section */

/* Begin PBXFileReference section */
		934D2AFB2477DD3000A26D80 /* Pinterest.app */ = {isa = PBXFileReference; explicitFileType = wrapper.application; includeInIndex = 0; path = Pinterest.app; sourceTree = BUILT_PRODUCTS_DIR; };
		934D2AFE2477DD3000A26D80 /* AppDelegate.swift */ = {isa = PBXFileReference; lastKnownFileType = sourcecode.swift; path = AppDelegate.swift; sourceTree = "<group>"; };
		934D2B002477DD3000A26D80 /* SceneDelegate.swift */ = {isa = PBXFileReference; lastKnownFileType = sourcecode.swift; path = SceneDelegate.swift; sourceTree = "<group>"; };
		934D2B072477DD3400A26D80 /* Assets.xcassets */ = {isa = PBXFileReference; lastKnownFileType = folder.assetcatalog; path = Assets.xcassets; sourceTree = "<group>"; };
		934D2B0C2477DD3400A26D80 /* Info.plist */ = {isa = PBXFileReference; lastKnownFileType = text.plist.xml; path = Info.plist; sourceTree = "<group>"; };
		934D2B122477DD8200A26D80 /* PinterestViewModel.swift */ = {isa = PBXFileReference; lastKnownFileType = sourcecode.swift; path = PinterestViewModel.swift; sourceTree = "<group>"; };
		934D2B142477DD9B00A26D80 /* PisterestItemViewModel.swift */ = {isa = PBXFileReference; lastKnownFileType = sourcecode.swift; path = PisterestItemViewModel.swift; sourceTree = "<group>"; };
		934D2B162477DDB700A26D80 /* PinterestItem.swift */ = {isa = PBXFileReference; lastKnownFileType = sourcecode.swift; path = PinterestItem.swift; sourceTree = "<group>"; };
		934D2B182477E03C00A26D80 /* PinterestViewController.swift */ = {isa = PBXFileReference; lastKnownFileType = sourcecode.swift; path = PinterestViewController.swift; sourceTree = "<group>"; };
		93BCB46524785D9500FDC253 /* CustomLayout.swift */ = {isa = PBXFileReference; lastKnownFileType = sourcecode.swift; path = CustomLayout.swift; sourceTree = "<group>"; };
/* End PBXFileReference section */

/* Begin PBXFrameworksBuildPhase section */
		934D2AF82477DD3000A26D80 /* Frameworks */ = {
			isa = PBXFrameworksBuildPhase;
			buildActionMask = 2147483647;
			files = (
			);
			runOnlyForDeploymentPostprocessing = 0;
		};
/* End PBXFrameworksBuildPhase section */

/* Begin PBXGroup section */
		934D2AF22477DD2F00A26D80 = {
			isa = PBXGroup;
			children = (
				934D2AFD2477DD3000A26D80 /* Pinterest */,
				934D2AFC2477DD3000A26D80 /* Products */,
			);
			sourceTree = "<group>";
		};
		934D2AFC2477DD3000A26D80 /* Products */ = {
			isa = PBXGroup;
			children = (
				934D2AFB2477DD3000A26D80 /* Pinterest.app */,
			);
			name = Products;
			sourceTree = "<group>";
		};
		934D2AFD2477DD3000A26D80 /* Pinterest */ = {
			isa = PBXGroup;
			children = (
				934D2AFE2477DD3000A26D80 /* AppDelegate.swift */,
				934D2B002477DD3000A26D80 /* SceneDelegate.swift */,
				934D2B122477DD8200A26D80 /* PinterestViewModel.swift */,
				934D2B182477E03C00A26D80 /* PinterestViewController.swift */,
				934D2B142477DD9B00A26D80 /* PisterestItemViewModel.swift */,
				934D2B162477DDB700A26D80 /* PinterestItem.swift */,
				93BCB46524785D9500FDC253 /* CustomLayout.swift */,
				934D2B072477DD3400A26D80 /* Assets.xcassets */,
				934D2B0C2477DD3400A26D80 /* Info.plist */,
			);
			path = Pinterest;
			sourceTree = "<group>";
		};
/* End PBXGroup section */

/* Begin PBXNativeTarget section */
		934D2AFA2477DD3000A26D80 /* Pinterest */ = {
			isa = PBXNativeTarget;
			buildConfigurationList = 934D2B0F2477DD3400A26D80 /* Build configuration list for PBXNativeTarget "Pinterest" */;
			buildPhases = (
				934D2AF72477DD3000A26D80 /* Sources */,
				934D2AF82477DD3000A26D80 /* Frameworks */,
				934D2AF92477DD3000A26D80 /* Resources */,
			);
			buildRules = (
			);
			dependencies = (
			);
			name = Pinterest;
			productName = Pinterest;
			productReference = 934D2AFB2477DD3000A26D80 /* Pinterest.app */;
			productType = "com.apple.product-type.application";
		};
/* End PBXNativeTarget section */

/* Begin PBXProject section */
		934D2AF32477DD2F00A26D80 /* Project object */ = {
			isa = PBXProject;
			attributes = {
				LastSwiftUpdateCheck = 1130;
				LastUpgradeCheck = 1130;
				ORGANIZATIONNAME = "Ricardo González Pacheco";
				TargetAttributes = {
					934D2AFA2477DD3000A26D80 = {
						CreatedOnToolsVersion = 11.3.1;
					};
				};
			};
			buildConfigurationList = 934D2AF62477DD2F00A26D80 /* Build configuration list for PBXProject "Pinterest" */;
			compatibilityVersion = "Xcode 9.3";
			developmentRegion = en;
			hasScannedForEncodings = 0;
			knownRegions = (
				en,
				Base,
			);
			mainGroup = 934D2AF22477DD2F00A26D80;
			productRefGroup = 934D2AFC2477DD3000A26D80 /* Products */;
			projectDirPath = "";
			projectRoot = "";
			targets = (
				934D2AFA2477DD3000A26D80 /* Pinterest */,
			);
		};
/* End PBXProject section */

/* Begin PBXResourcesBuildPhase section */
		934D2AF92477DD3000A26D80 /* Resources */ = {
			isa = PBXResourcesBuildPhase;
			buildActionMask = 2147483647;
			files = (
				934D2B082477DD3400A26D80 /* Assets.xcassets in Resources */,
			);
			runOnlyForDeploymentPostprocessing = 0;
		};
/* End PBXResourcesBuildPhase section */

/* Begin PBXSourcesBuildPhase section */
		934D2AF72477DD3000A26D80 /* Sources */ = {
			isa = PBXSourcesBuildPhase;
			buildActionMask = 2147483647;
			files = (
				934D2B132477DD8200A26D80 /* PinterestViewModel.swift in Sources */,
				934D2AFF2477DD3000A26D80 /* AppDelegate.swift in Sources */,
				934D2B172477DDB700A26D80 /* PinterestItem.swift in Sources */,
				93BCB46624785D9500FDC253 /* CustomLayout.swift in Sources */,
				934D2B192477E03C00A26D80 /* PinterestViewController.swift in Sources */,
				934D2B152477DD9C00A26D80 /* PisterestItemViewModel.swift in Sources */,
				934D2B012477DD3000A26D80 /* SceneDelegate.swift in Sources */,
			);
			runOnlyForDeploymentPostprocessing = 0;
		};
/* End PBXSourcesBuildPhase section */

/* Begin XCBuildConfiguration section */
		934D2B0D2477DD3400A26D80 /* Debug */ = {
			isa = XCBuildConfiguration;
			buildSettings = {
				ALWAYS_SEARCH_USER_PATHS = NO;
				CLANG_ANALYZER_NONNULL = YES;
				CLANG_ANALYZER_NUMBER_OBJECT_CONVERSION = YES_AGGRESSIVE;
				CLANG_CXX_LANGUAGE_STANDARD = "gnu++14";
				CLANG_CXX_LIBRARY = "libc++";
				CLANG_ENABLE_MODULES = YES;
				CLANG_ENABLE_OBJC_ARC = YES;
				CLANG_ENABLE_OBJC_WEAK = YES;
				CLANG_WARN_BLOCK_CAPTURE_AUTORELEASING = YES;
				CLANG_WARN_BOOL_CONVERSION = YES;
				CLANG_WARN_COMMA = YES;
				CLANG_WARN_CONSTANT_CONVERSION = YES;
				CLANG_WARN_DEPRECATED_OBJC_IMPLEMENTATIONS = YES;
				CLANG_WARN_DIRECT_OBJC_ISA_USAGE = YES_ERROR;
				CLANG_WARN_DOCUMENTATION_COMMENTS = YES;
				CLANG_WARN_EMPTY_BODY = YES;
				CLANG_WARN_ENUM_CONVERSION = YES;
				CLANG_WARN_INFINITE_RECURSION = YES;
				CLANG_WARN_INT_CONVERSION = YES;
				CLANG_WARN_NON_LITERAL_NULL_CONVERSION = YES;
				CLANG_WARN_OBJC_IMPLICIT_RETAIN_SELF = YES;
				CLANG_WARN_OBJC_LITERAL_CONVERSION = YES;
				CLANG_WARN_OBJC_ROOT_CLASS = YES_ERROR;
				CLANG_WARN_RANGE_LOOP_ANALYSIS = YES;
				CLANG_WARN_STRICT_PROTOTYPES = YES;
				CLANG_WARN_SUSPICIOUS_MOVE = YES;
				CLANG_WARN_UNGUARDED_AVAILABILITY = YES_AGGRESSIVE;
				CLANG_WARN_UNREACHABLE_CODE = YES;
				CLANG_WARN__DUPLICATE_METHOD_MATCH = YES;
				COPY_PHASE_STRIP = NO;
				DEBUG_INFORMATION_FORMAT = dwarf;
				ENABLE_STRICT_OBJC_MSGSEND = YES;
				ENABLE_TESTABILITY = YES;
				GCC_C_LANGUAGE_STANDARD = gnu11;
				GCC_DYNAMIC_NO_PIC = NO;
				GCC_NO_COMMON_BLOCKS = YES;
				GCC_OPTIMIZATION_LEVEL = 0;
				GCC_PREPROCESSOR_DEFINITIONS = (
					"DEBUG=1",
					"$(inherited)",
				);
				GCC_WARN_64_TO_32_BIT_CONVERSION = YES;
				GCC_WARN_ABOUT_RETURN_TYPE = YES_ERROR;
				GCC_WARN_UNDECLARED_SELECTOR = YES;
				GCC_WARN_UNINITIALIZED_AUTOS = YES_AGGRESSIVE;
				GCC_WARN_UNUSED_FUNCTION = YES;
				GCC_WARN_UNUSED_VARIABLE = YES;
				IPHONEOS_DEPLOYMENT_TARGET = 13.2;
				MTL_ENABLE_DEBUG_INFO = INCLUDE_SOURCE;
				MTL_FAST_MATH = YES;
				ONLY_ACTIVE_ARCH = YES;
				SDKROOT = iphoneos;
				SWIFT_ACTIVE_COMPILATION_CONDITIONS = DEBUG;
				SWIFT_OPTIMIZATION_LEVEL = "-Onone";
			};
			name = Debug;
		};
		934D2B0E2477DD3400A26D80 /* Release */ = {
			isa = XCBuildConfiguration;
			buildSettings = {
				ALWAYS_SEARCH_USER_PATHS = NO;
				CLANG_ANALYZER_NONNULL = YES;
				CLANG_ANALYZER_NUMBER_OBJECT_CONVERSION = YES_AGGRESSIVE;
				CLANG_CXX_LANGUAGE_STANDARD = "gnu++14";
				CLANG_CXX_LIBRARY = "libc++";
				CLANG_ENABLE_MODULES = YES;
				CLANG_ENABLE_OBJC_ARC = YES;
				CLANG_ENABLE_OBJC_WEAK = YES;
				CLANG_WARN_BLOCK_CAPTURE_AUTORELEASING = YES;
				CLANG_WARN_BOOL_CONVERSION = YES;
				CLANG_WARN_COMMA = YES;
				CLANG_WARN_CONSTANT_CONVERSION = YES;
				CLANG_WARN_DEPRECATED_OBJC_IMPLEMENTATIONS = YES;
				CLANG_WARN_DIRECT_OBJC_ISA_USAGE = YES_ERROR;
				CLANG_WARN_DOCUMENTATION_COMMENTS = YES;
				CLANG_WARN_EMPTY_BODY = YES;
				CLANG_WARN_ENUM_CONVERSION = YES;
				CLANG_WARN_INFINITE_RECURSION = YES;
				CLANG_WARN_INT_CONVERSION = YES;
				CLANG_WARN_NON_LITERAL_NULL_CONVERSION = YES;
				CLANG_WARN_OBJC_IMPLICIT_RETAIN_SELF = YES;
				CLANG_WARN_OBJC_LITERAL_CONVERSION = YES;
				CLANG_WARN_OBJC_ROOT_CLASS = YES_ERROR;
				CLANG_WARN_RANGE_LOOP_ANALYSIS = YES;
				CLANG_WARN_STRICT_PROTOTYPES = YES;
				CLANG_WARN_SUSPICIOUS_MOVE = YES;
				CLANG_WARN_UNGUARDED_AVAILABILITY = YES_AGGRESSIVE;
				CLANG_WARN_UNREACHABLE_CODE = YES;
				CLANG_WARN__DUPLICATE_METHOD_MATCH = YES;
				COPY_PHASE_STRIP = NO;
				DEBUG_INFORMATION_FORMAT = "dwarf-with-dsym";
				ENABLE_NS_ASSERTIONS = NO;
				ENABLE_STRICT_OBJC_MSGSEND = YES;
				GCC_C_LANGUAGE_STANDARD = gnu11;
				GCC_NO_COMMON_BLOCKS = YES;
				GCC_WARN_64_TO_32_BIT_CONVERSION = YES;
				GCC_WARN_ABOUT_RETURN_TYPE = YES_ERROR;
				GCC_WARN_UNDECLARED_SELECTOR = YES;
				GCC_WARN_UNINITIALIZED_AUTOS = YES_AGGRESSIVE;
				GCC_WARN_UNUSED_FUNCTION = YES;
				GCC_WARN_UNUSED_VARIABLE = YES;
				IPHONEOS_DEPLOYMENT_TARGET = 13.2;
				MTL_ENABLE_DEBUG_INFO = NO;
				MTL_FAST_MATH = YES;
				SDKROOT = iphoneos;
				SWIFT_COMPILATION_MODE = wholemodule;
				SWIFT_OPTIMIZATION_LEVEL = "-O";
				VALIDATE_PRODUCT = YES;
			};
			name = Release;
		};
		934D2B102477DD3400A26D80 /* Debug */ = {
			isa = XCBuildConfiguration;
			buildSettings = {
				ASSETCATALOG_COMPILER_APPICON_NAME = AppIcon;
				CODE_SIGN_STYLE = Automatic;
				INFOPLIST_FILE = Pinterest/Info.plist;
				LD_RUNPATH_SEARCH_PATHS = (
					"$(inherited)",
					"@executable_path/Frameworks",
				);
				PRODUCT_BUNDLE_IDENTIFIER = com.rigonpa.Pinterest;
				PRODUCT_NAME = "$(TARGET_NAME)";
				SWIFT_VERSION = 5.0;
				TARGETED_DEVICE_FAMILY = "1,2";
			};
			name = Debug;
		};
		934D2B112477DD3400A26D80 /* Release */ = {
			isa = XCBuildConfiguration;
			buildSettings = {
				ASSETCATALOG_COMPILER_APPICON_NAME = AppIcon;
				CODE_SIGN_STYLE = Automatic;
				INFOPLIST_FILE = Pinterest/Info.plist;
				LD_RUNPATH_SEARCH_PATHS = (
					"$(inherited)",
					"@executable_path/Frameworks",
				);
				PRODUCT_BUNDLE_IDENTIFIER = com.rigonpa.Pinterest;
				PRODUCT_NAME = "$(TARGET_NAME)";
				SWIFT_VERSION = 5.0;
				TARGETED_DEVICE_FAMILY = "1,2";
			};
			name = Release;
		};
/* End XCBuildConfiguration section */

/* Begin XCConfigurationList section */
		934D2AF62477DD2F00A26D80 /* Build configuration list for PBXProject "Pinterest" */ = {
			isa = XCConfigurationList;
			buildConfigurations = (
				934D2B0D2477DD3400A26D80 /* Debug */,
				934D2B0E2477DD3400A26D80 /* Release */,
			);
			defaultConfigurationIsVisible = 0;
			defaultConfigurationName = Release;
		};
		934D2B0F2477DD3400A26D80 /* Build configuration list for PBXNativeTarget "Pinterest" */ = {
			isa = XCConfigurationList;
			buildConfigurations = (
				934D2B102477DD3400A26D80 /* Debug */,
				934D2B112477DD3400A26D80 /* Release */,
			);
			defaultConfigurationIsVisible = 0;
			defaultConfigurationName = Release;
		};
/* End XCConfigurationList section */
	};
	rootObject = 934D2AF32477DD2F00A26D80 /* Project object */;
}
